
Microsoft Visual Studio Solution File, Format Version 12.00
# Visual Studio 2013
VisualStudioVersion = 12.0.40629.0
MinimumVisualStudioVersion = 10.0.40219.1
Project("{FAE04EC0-301F-11D3-BF4B-00C04F79EFBC}") = "JenkinsClient", "JenkinsClient\JenkinsClient.csproj", "{94B3E73E-B9B8-4CA8-AB1F-C195631B6025}"
EndProject
Project("{FAE04EC0-301F-11D3-BF4B-00C04F79EFBC}") = "JenkinsClient.Tests", "JenkinsClient.Tests\JenkinsClient.Tests.csproj", "{96329E52-60C4-43C8-972F-6DF5EB56EF37}"
EndProject
Project("{2150E333-8FDC-42A3-9474-1A3956D46DE8}") = ".nuget", ".nuget", "{08EACC4F-90D0-47EE-A2FD-C9F6448278D0}"
	ProjectSection(SolutionItems) = preProject
		.nuget\NuGet.Config = .nuget\NuGet.Config
		.nuget\NuGet.exe = .nuget\NuGet.exe
		.nuget\NuGet.targets = .nuget\NuGet.targets
	EndProjectSection
EndProject
Global
	GlobalSection(SolutionConfigurationPlatforms) = preSolution
		Debug|Any CPU = Debug|Any CPU
		Release|Any CPU = Release|Any CPU
	EndGlobalSection
	GlobalSection(ProjectConfigurationPlatforms) = postSolution
		{94B3E73E-B9B8-4CA8-AB1F-C195631B6025}.Debug|Any CPU.ActiveCfg = Debug|Any CPU
		{94B3E73E-B9B8-4CA8-AB1F-C195631B6025}.Debug|Any CPU.Build.0 = Debug|Any CPU
		{94B3E73E-B9B8-4CA8-AB1F-C195631B6025}.Release|Any CPU.ActiveCfg = Release|Any CPU
		{94B3E73E-B9B8-4CA8-AB1F-C195631B6025}.Release|Any CPU.Build.0 = Release|Any CPU
		{96329E52-60C4-43C8-972F-6DF5EB56EF37}.Debug|Any CPU.ActiveCfg = Debug|Any CPU
		{96329E52-60C4-43C8-972F-6DF5EB56EF37}.Debug|Any CPU.Build.0 = Debug|Any CPU
		{96329E52-60C4-43C8-972F-6DF5EB56EF37}.Release|Any CPU.ActiveCfg = Release|Any CPU
		{96329E52-60C4-43C8-972F-6DF5EB56EF37}.Release|Any CPU.Build.0 = Release|Any CPU
	EndGlobalSection
	GlobalSection(SolutionProperties) = preSolution
		HideSolutionNode = FALSE
	EndGlobalSection
EndGlobal
